
Microsoft Visual Studio Solution File, Format Version 12.00
# Visual Studio Version 17
VisualStudioVersion = 17.5.33627.172
MinimumVisualStudioVersion = 10.0.40219.1
Project("{9A19103F-16F7-4668-BE54-9A1E7A4F7556}") = "NewLEaderboard", "NewLEaderboard.csproj", "{CBEE7362-F373-4A39-9EE6-5396D28B932C}"
EndProject
Global
	GlobalSection(SolutionConfigurationPlatforms) = preSolution
		Debug|Any CPU = Debug|Any CPU
		Release|Any CPU = Release|Any CPU
	EndGlobalSection
	GlobalSection(ProjectConfigurationPlatforms) = postSolution
		{CBEE7362-F373-4A39-9EE6-5396D28B932C}.Debug|Any CPU.ActiveCfg = Debug|Any CPU
		{CBEE7362-F373-4A39-9EE6-5396D28B932C}.Debug|Any CPU.Build.0 = Debug|Any CPU
		{CBEE7362-F373-4A39-9EE6-5396D28B932C}.Release|Any CPU.ActiveCfg = Release|Any CPU
		{CBEE7362-F373-4A39-9EE6-5396D28B932C}.Release|Any CPU.Build.0 = Release|Any CPU
	EndGlobalSection
	GlobalSection(SolutionProperties) = preSolution
		HideSolutionNode = FALSE
	EndGlobalSection
	GlobalSection(ExtensibilityGlobals) = postSolution
		SolutionGuid = {D5925568-180F-447D-A1C4-F128AD0F858A}
	EndGlobalSection
EndGlobal
